
Microsoft Visual Studio Solution File, Format Version 12.00
# Visual Studio 15
VisualStudioVersion = 15.0.26403.0
MinimumVisualStudioVersion = 10.0.40219.1
Project("{FAE04EC0-301F-11D3-BF4B-00C04F79EFBC}") = "HGV.Orchid", "src\HGV.Orchid.csproj", "{AECE1BA5-536C-4C26-9B8C-67EEB0A76EFC}"
EndProject
Project("{FAE04EC0-301F-11D3-BF4B-00C04F79EFBC}") = "HGV.Orchid.Tests", "tests\HGV.Orchid.Tests.csproj", "{0B5C6D63-507C-4A15-8049-63E3BE0747B3}"
EndProject
Global
	GlobalSection(SolutionConfigurationPlatforms) = preSolution
		Debug|Any CPU = Debug|Any CPU
		Release|Any CPU = Release|Any CPU
	EndGlobalSection
	GlobalSection(ProjectConfigurationPlatforms) = postSolution
		{AECE1BA5-536C-4C26-9B8C-67EEB0A76EFC}.Debug|Any CPU.ActiveCfg = Debug|Any CPU
		{AECE1BA5-536C-4C26-9B8C-67EEB0A76EFC}.Debug|Any CPU.Build.0 = Debug|Any CPU
		{AECE1BA5-536C-4C26-9B8C-67EEB0A76EFC}.Release|Any CPU.ActiveCfg = Release|Any CPU
		{AECE1BA5-536C-4C26-9B8C-67EEB0A76EFC}.Release|Any CPU.Build.0 = Release|Any CPU
		{0B5C6D63-507C-4A15-8049-63E3BE0747B3}.Debug|Any CPU.ActiveCfg = Debug|Any CPU
		{0B5C6D63-507C-4A15-8049-63E3BE0747B3}.Debug|Any CPU.Build.0 = Debug|Any CPU
		{0B5C6D63-507C-4A15-8049-63E3BE0747B3}.Release|Any CPU.ActiveCfg = Release|Any CPU
		{0B5C6D63-507C-4A15-8049-63E3BE0747B3}.Release|Any CPU.Build.0 = Release|Any CPU
	EndGlobalSection
	GlobalSection(SolutionProperties) = preSolution
		HideSolutionNode = FALSE
	EndGlobalSection
	GlobalSection(CodealikeProperties) = postSolution
		SolutionGuid = 51e5730a-0d53-4b94-b26a-a818c05beedc
	EndGlobalSection
EndGlobal
